
Microsoft Visual Studio Solution File, Format Version 12.00
# Visual Studio Version 17
VisualStudioVersion = 17.11.35222.181
MinimumVisualStudioVersion = 10.0.40219.1
Project("{FAE04EC0-301F-11D3-BF4B-00C04F79EFBC}") = "KartApplication", "KartApplication\KartApplication.csproj", "{3C0B8755-0A5A-4315-BA31-A6C173B583C9}"
EndProject
Global
	GlobalSection(SolutionConfigurationPlatforms) = preSolution
		Debug|Any CPU = Debug|Any CPU
		Release|Any CPU = Release|Any CPU
	EndGlobalSection
	GlobalSection(ProjectConfigurationPlatforms) = postSolution
		{3C0B8755-0A5A-4315-BA31-A6C173B583C9}.Debug|Any CPU.ActiveCfg = Debug|Any CPU
		{3C0B8755-0A5A-4315-BA31-A6C173B583C9}.Debug|Any CPU.Build.0 = Debug|Any CPU
		{3C0B8755-0A5A-4315-BA31-A6C173B583C9}.Release|Any CPU.ActiveCfg = Release|Any CPU
		{3C0B8755-0A5A-4315-BA31-A6C173B583C9}.Release|Any CPU.Build.0 = Release|Any CPU
	EndGlobalSection
	GlobalSection(SolutionProperties) = preSolution
		HideSolutionNode = FALSE
	EndGlobalSection
	GlobalSection(ExtensibilityGlobals) = postSolution
		SolutionGuid = {938C3F88-3745-4139-8CD9-3EF9B2FEC817}
	EndGlobalSection
EndGlobal
